
Microsoft Visual Studio Solution File, Format Version 12.00
# Visual Studio Version 17
VisualStudioVersion = 17.11.35327.3
MinimumVisualStudioVersion = 10.0.40219.1
Project("{FAE04EC0-301F-11D3-BF4B-00C04F79EFBC}") = "ASM_PROJ", "ASM_PROJ\ASM_PROJ.csproj", "{2A73D262-D6D8-46AF-AA82-907D691F05EF}"
	ProjectSection(ProjectDependencies) = postProject
		{31A4378B-1ED8-4ED2-A4F5-A9060C435278} = {31A4378B-1ED8-4ED2-A4F5-A9060C435278}
		{845F216A-5617-41A5-829E-76DA57A5ABFB} = {845F216A-5617-41A5-829E-76DA57A5ABFB}
	EndProjectSection
EndProject
Project("{8BC9CEB8-8B4A-11D0-8D11-00A0C91BC942}") = "C_DLL", "C_DLL\C_DLL.vcxproj", "{845F216A-5617-41A5-829E-76DA57A5ABFB}"
EndProject
Project("{8BC9CEB8-8B4A-11D0-8D11-00A0C91BC942}") = "ASM_DLL", "ASM_DLL\ASM_DLL.vcxproj", "{31A4378B-1ED8-4ED2-A4F5-A9060C435278}"
EndProject
Global
	GlobalSection(SolutionConfigurationPlatforms) = preSolution
		Debug|Any CPU = Debug|Any CPU
		Debug|x64 = Debug|x64
		Debug|x86 = Debug|x86
		Release|Any CPU = Release|Any CPU
		Release|x64 = Release|x64
		Release|x86 = Release|x86
	EndGlobalSection
	GlobalSection(ProjectConfigurationPlatforms) = postSolution
		{2A73D262-D6D8-46AF-AA82-907D691F05EF}.Debug|Any CPU.ActiveCfg = Debug|x64
		{2A73D262-D6D8-46AF-AA82-907D691F05EF}.Debug|Any CPU.Build.0 = Debug|x64
		{2A73D262-D6D8-46AF-AA82-907D691F05EF}.Debug|x64.ActiveCfg = Debug|x64
		{2A73D262-D6D8-46AF-AA82-907D691F05EF}.Debug|x64.Build.0 = Debug|x64
		{2A73D262-D6D8-46AF-AA82-907D691F05EF}.Debug|x86.ActiveCfg = Debug|Any CPU
		{2A73D262-D6D8-46AF-AA82-907D691F05EF}.Debug|x86.Build.0 = Debug|Any CPU
		{2A73D262-D6D8-46AF-AA82-907D691F05EF}.Release|Any CPU.ActiveCfg = Release|Any CPU
		{2A73D262-D6D8-46AF-AA82-907D691F05EF}.Release|Any CPU.Build.0 = Release|Any CPU
		{2A73D262-D6D8-46AF-AA82-907D691F05EF}.Release|x64.ActiveCfg = Release|x64
		{2A73D262-D6D8-46AF-AA82-907D691F05EF}.Release|x64.Build.0 = Release|x64
		{2A73D262-D6D8-46AF-AA82-907D691F05EF}.Release|x86.ActiveCfg = Release|Any CPU
		{2A73D262-D6D8-46AF-AA82-907D691F05EF}.Release|x86.Build.0 = Release|Any CPU
		{845F216A-5617-41A5-829E-76DA57A5ABFB}.Debug|Any CPU.ActiveCfg = Debug|x64
		{845F216A-5617-41A5-829E-76DA57A5ABFB}.Debug|Any CPU.Build.0 = Debug|x64
		{845F216A-5617-41A5-829E-76DA57A5ABFB}.Debug|x64.ActiveCfg = Debug|x64
		{845F216A-5617-41A5-829E-76DA57A5ABFB}.Debug|x64.Build.0 = Debug|x64
		{845F216A-5617-41A5-829E-76DA57A5ABFB}.Debug|x86.ActiveCfg = Debug|Win32
		{845F216A-5617-41A5-829E-76DA57A5ABFB}.Debug|x86.Build.0 = Debug|Win32
		{845F216A-5617-41A5-829E-76DA57A5ABFB}.Release|Any CPU.ActiveCfg = Release|x64
		{845F216A-5617-41A5-829E-76DA57A5ABFB}.Release|Any CPU.Build.0 = Release|x64
		{845F216A-5617-41A5-829E-76DA57A5ABFB}.Release|x64.ActiveCfg = Release|x64
		{845F216A-5617-41A5-829E-76DA57A5ABFB}.Release|x64.Build.0 = Release|x64
		{845F216A-5617-41A5-829E-76DA57A5ABFB}.Release|x86.ActiveCfg = Release|Win32
		{845F216A-5617-41A5-829E-76DA57A5ABFB}.Release|x86.Build.0 = Release|Win32
		{31A4378B-1ED8-4ED2-A4F5-A9060C435278}.Debug|Any CPU.ActiveCfg = Debug|x64
		{31A4378B-1ED8-4ED2-A4F5-A9060C435278}.Debug|Any CPU.Build.0 = Debug|x64
		{31A4378B-1ED8-4ED2-A4F5-A9060C435278}.Debug|x64.ActiveCfg = Debug|x64
		{31A4378B-1ED8-4ED2-A4F5-A9060C435278}.Debug|x64.Build.0 = Debug|x64
		{31A4378B-1ED8-4ED2-A4F5-A9060C435278}.Debug|x86.ActiveCfg = Debug|Win32
		{31A4378B-1ED8-4ED2-A4F5-A9060C435278}.Debug|x86.Build.0 = Debug|Win32
		{31A4378B-1ED8-4ED2-A4F5-A9060C435278}.Release|Any CPU.ActiveCfg = Release|x64
		{31A4378B-1ED8-4ED2-A4F5-A9060C435278}.Release|Any CPU.Build.0 = Release|x64
		{31A4378B-1ED8-4ED2-A4F5-A9060C435278}.Release|x64.ActiveCfg = Release|x64
		{31A4378B-1ED8-4ED2-A4F5-A9060C435278}.Release|x64.Build.0 = Release|x64
		{31A4378B-1ED8-4ED2-A4F5-A9060C435278}.Release|x86.ActiveCfg = Release|Win32
		{31A4378B-1ED8-4ED2-A4F5-A9060C435278}.Release|x86.Build.0 = Release|Win32
	EndGlobalSection
	GlobalSection(SolutionProperties) = preSolution
		HideSolutionNode = FALSE
	EndGlobalSection
	GlobalSection(ExtensibilityGlobals) = postSolution
		SolutionGuid = {8828B3F2-71A6-4E3B-93E7-002DF9815505}
	EndGlobalSection
EndGlobal
